
Microsoft Visual Studio Solution File, Format Version 12.00
# Visual Studio Version 17
VisualStudioVersion = 17.13.35913.81 d17.13
MinimumVisualStudioVersion = 10.0.40219.1
Project("{FAE04EC0-301F-11D3-BF4B-00C04F79EFBC}") = "ProductService", "ProductService\ProductService.csproj", "{D09906C4-34D2-47B1-BB87-9A61CBB49BC7}"
EndProject
Project("{FAE04EC0-301F-11D3-BF4B-00C04F79EFBC}") = "OrderService", "OrderService\OrderService.csproj", "{DDF71EBF-9A85-4413-A640-DFAE514F41D2}"
EndProject
Project("{FAE04EC0-301F-11D3-BF4B-00C04F79EFBC}") = "APIGateway", "APIGateway\APIGateway.csproj", "{1A670AE3-F627-4770-9AFC-61A1C25DD959}"
EndProject
Global
	GlobalSection(SolutionConfigurationPlatforms) = preSolution
		Debug|Any CPU = Debug|Any CPU
		Release|Any CPU = Release|Any CPU
	EndGlobalSection
	GlobalSection(ProjectConfigurationPlatforms) = postSolution
		{D09906C4-34D2-47B1-BB87-9A61CBB49BC7}.Debug|Any CPU.ActiveCfg = Debug|Any CPU
		{D09906C4-34D2-47B1-BB87-9A61CBB49BC7}.Debug|Any CPU.Build.0 = Debug|Any CPU
		{D09906C4-34D2-47B1-BB87-9A61CBB49BC7}.Release|Any CPU.ActiveCfg = Release|Any CPU
		{D09906C4-34D2-47B1-BB87-9A61CBB49BC7}.Release|Any CPU.Build.0 = Release|Any CPU
		{DDF71EBF-9A85-4413-A640-DFAE514F41D2}.Debug|Any CPU.ActiveCfg = Debug|Any CPU
		{DDF71EBF-9A85-4413-A640-DFAE514F41D2}.Debug|Any CPU.Build.0 = Debug|Any CPU
		{DDF71EBF-9A85-4413-A640-DFAE514F41D2}.Release|Any CPU.ActiveCfg = Release|Any CPU
		{DDF71EBF-9A85-4413-A640-DFAE514F41D2}.Release|Any CPU.Build.0 = Release|Any CPU
		{1A670AE3-F627-4770-9AFC-61A1C25DD959}.Debug|Any CPU.ActiveCfg = Debug|Any CPU
		{1A670AE3-F627-4770-9AFC-61A1C25DD959}.Debug|Any CPU.Build.0 = Debug|Any CPU
		{1A670AE3-F627-4770-9AFC-61A1C25DD959}.Release|Any CPU.ActiveCfg = Release|Any CPU
		{1A670AE3-F627-4770-9AFC-61A1C25DD959}.Release|Any CPU.Build.0 = Release|Any CPU
	EndGlobalSection
	GlobalSection(SolutionProperties) = preSolution
		HideSolutionNode = FALSE
	EndGlobalSection
	GlobalSection(ExtensibilityGlobals) = postSolution
		SolutionGuid = {8568DEEB-E37C-444B-943A-C288144973C6}
	EndGlobalSection
EndGlobal
